// !$*UTF8*$!
{
	archiveVersion = 1;
	classes = {
	};
	objectVersion = 46;
	objects = {

/* Begin PBXBuildFile section */
		49FE9F1B1E98F2BC085C3ACE /* libPods-DrizzyChat.a in Frameworks */ = {isa = PBXBuildFile; fileRef = 34A1AC279BD85B39182E791B /* libPods-DrizzyChat.a */; };
		81331E011A17DF84003E4609 /* LyricGroup.swift in Sources */ = {isa = PBXBuildFile; fileRef = 81331E001A17DF84003E4609 /* LyricGroup.swift */; };
		81331E051A17E538003E4609 /* Category.swift in Sources */ = {isa = PBXBuildFile; fileRef = 81331E041A17E538003E4609 /* Category.swift */; };
		8180E60E1A142157007FA1CF /* AppDelegate.swift in Sources */ = {isa = PBXBuildFile; fileRef = 8180E60D1A142157007FA1CF /* AppDelegate.swift */; };
		8180E6101A142157007FA1CF /* ViewController.swift in Sources */ = {isa = PBXBuildFile; fileRef = 8180E60F1A142157007FA1CF /* ViewController.swift */; };
		8180E6131A142157007FA1CF /* Main.storyboard in Resources */ = {isa = PBXBuildFile; fileRef = 8180E6111A142157007FA1CF /* Main.storyboard */; };
		8180E6151A142157007FA1CF /* Images.xcassets in Resources */ = {isa = PBXBuildFile; fileRef = 8180E6141A142157007FA1CF /* Images.xcassets */; };
		8180E6181A142157007FA1CF /* LaunchScreen.xib in Resources */ = {isa = PBXBuildFile; fileRef = 8180E6161A142157007FA1CF /* LaunchScreen.xib */; };
		8180E6241A142158007FA1CF /* DrizzyChatTests.swift in Sources */ = {isa = PBXBuildFile; fileRef = 8180E6231A142158007FA1CF /* DrizzyChatTests.swift */; };
		8180E6361A142199007FA1CF /* KeyboardViewController.swift in Sources */ = {isa = PBXBuildFile; fileRef = 8180E6351A142199007FA1CF /* KeyboardViewController.swift */; };
		8180E6391A142199007FA1CF /* CustomKeyboard.appex in Embed App Extensions */ = {isa = PBXBuildFile; fileRef = 8180E6311A142199007FA1CF /* CustomKeyboard.appex */; settings = {ATTRIBUTES = (RemoveHeadersOnCopy, ); }; };
		8180E63F1A142B1A007FA1CF /* SectionCollectionViewController.swift in Sources */ = {isa = PBXBuildFile; fileRef = 8180E63E1A142B1A007FA1CF /* SectionCollectionViewController.swift */; };
		8180E6411A142B7C007FA1CF /* KeyboardView.xib in Resources */ = {isa = PBXBuildFile; fileRef = 8180E6401A142B7C007FA1CF /* KeyboardView.xib */; };
		8180E6441A142EA4007FA1CF /* LyricPickerTableViewController.swift in Sources */ = {isa = PBXBuildFile; fileRef = 8180E6421A142EA4007FA1CF /* LyricPickerTableViewController.swift */; };
		8180E6451A142EA4007FA1CF /* LyricPickerTableViewController.xib in Resources */ = {isa = PBXBuildFile; fileRef = 8180E6431A142EA4007FA1CF /* LyricPickerTableViewController.xib */; };
		8180E6591A147A78007FA1CF /* Lato-Black.ttf in Resources */ = {isa = PBXBuildFile; fileRef = 8180E6471A147A77007FA1CF /* Lato-Black.ttf */; };
		8180E65A1A147A78007FA1CF /* Lato-Black.ttf in Resources */ = {isa = PBXBuildFile; fileRef = 8180E6471A147A77007FA1CF /* Lato-Black.ttf */; };
		8180E65B1A147A78007FA1CF /* Lato-BlackItalic.ttf in Resources */ = {isa = PBXBuildFile; fileRef = 8180E6481A147A77007FA1CF /* Lato-BlackItalic.ttf */; };
		8180E65C1A147A78007FA1CF /* Lato-BlackItalic.ttf in Resources */ = {isa = PBXBuildFile; fileRef = 8180E6481A147A77007FA1CF /* Lato-BlackItalic.ttf */; };
		8180E65D1A147A78007FA1CF /* Lato-Bold.ttf in Resources */ = {isa = PBXBuildFile; fileRef = 8180E6491A147A77007FA1CF /* Lato-Bold.ttf */; };
		8180E65E1A147A78007FA1CF /* Lato-Bold.ttf in Resources */ = {isa = PBXBuildFile; fileRef = 8180E6491A147A77007FA1CF /* Lato-Bold.ttf */; };
		8180E65F1A147A78007FA1CF /* Lato-BoldItalic.ttf in Resources */ = {isa = PBXBuildFile; fileRef = 8180E64A1A147A77007FA1CF /* Lato-BoldItalic.ttf */; };
		8180E6601A147A78007FA1CF /* Lato-BoldItalic.ttf in Resources */ = {isa = PBXBuildFile; fileRef = 8180E64A1A147A77007FA1CF /* Lato-BoldItalic.ttf */; };
		8180E6611A147A78007FA1CF /* Lato-Hairline.ttf in Resources */ = {isa = PBXBuildFile; fileRef = 8180E64B1A147A77007FA1CF /* Lato-Hairline.ttf */; };
		8180E6621A147A78007FA1CF /* Lato-Hairline.ttf in Resources */ = {isa = PBXBuildFile; fileRef = 8180E64B1A147A77007FA1CF /* Lato-Hairline.ttf */; };
		8180E6631A147A78007FA1CF /* Lato-HairlineItalic.ttf in Resources */ = {isa = PBXBuildFile; fileRef = 8180E64C1A147A77007FA1CF /* Lato-HairlineItalic.ttf */; };
		8180E6641A147A78007FA1CF /* Lato-HairlineItalic.ttf in Resources */ = {isa = PBXBuildFile; fileRef = 8180E64C1A147A77007FA1CF /* Lato-HairlineItalic.ttf */; };
		8180E6651A147A78007FA1CF /* Lato-Heavy.ttf in Resources */ = {isa = PBXBuildFile; fileRef = 8180E64D1A147A77007FA1CF /* Lato-Heavy.ttf */; };
		8180E6661A147A78007FA1CF /* Lato-Heavy.ttf in Resources */ = {isa = PBXBuildFile; fileRef = 8180E64D1A147A77007FA1CF /* Lato-Heavy.ttf */; };
		8180E6671A147A78007FA1CF /* Lato-HeavyItalic.ttf in Resources */ = {isa = PBXBuildFile; fileRef = 8180E64E1A147A77007FA1CF /* Lato-HeavyItalic.ttf */; };
		8180E6681A147A78007FA1CF /* Lato-HeavyItalic.ttf in Resources */ = {isa = PBXBuildFile; fileRef = 8180E64E1A147A77007FA1CF /* Lato-HeavyItalic.ttf */; };
		8180E6691A147A78007FA1CF /* Lato-Italic.ttf in Resources */ = {isa = PBXBuildFile; fileRef = 8180E64F1A147A77007FA1CF /* Lato-Italic.ttf */; };
		8180E66A1A147A78007FA1CF /* Lato-Italic.ttf in Resources */ = {isa = PBXBuildFile; fileRef = 8180E64F1A147A77007FA1CF /* Lato-Italic.ttf */; };
		8180E66B1A147A78007FA1CF /* Lato-Light.ttf in Resources */ = {isa = PBXBuildFile; fileRef = 8180E6501A147A77007FA1CF /* Lato-Light.ttf */; };
		8180E66C1A147A78007FA1CF /* Lato-Light.ttf in Resources */ = {isa = PBXBuildFile; fileRef = 8180E6501A147A77007FA1CF /* Lato-Light.ttf */; };
		8180E66D1A147A78007FA1CF /* Lato-LightItalic.ttf in Resources */ = {isa = PBXBuildFile; fileRef = 8180E6511A147A77007FA1CF /* Lato-LightItalic.ttf */; };
		8180E66E1A147A78007FA1CF /* Lato-LightItalic.ttf in Resources */ = {isa = PBXBuildFile; fileRef = 8180E6511A147A77007FA1CF /* Lato-LightItalic.ttf */; };
		8180E66F1A147A78007FA1CF /* Lato-Medium.ttf in Resources */ = {isa = PBXBuildFile; fileRef = 8180E6521A147A77007FA1CF /* Lato-Medium.ttf */; };
		8180E6701A147A78007FA1CF /* Lato-Medium.ttf in Resources */ = {isa = PBXBuildFile; fileRef = 8180E6521A147A77007FA1CF /* Lato-Medium.ttf */; };
		8180E6711A147A78007FA1CF /* Lato-MediumItalic.ttf in Resources */ = {isa = PBXBuildFile; fileRef = 8180E6531A147A77007FA1CF /* Lato-MediumItalic.ttf */; };
		8180E6721A147A78007FA1CF /* Lato-MediumItalic.ttf in Resources */ = {isa = PBXBuildFile; fileRef = 8180E6531A147A77007FA1CF /* Lato-MediumItalic.ttf */; };
		8180E6731A147A78007FA1CF /* Lato-Regular.ttf in Resources */ = {isa = PBXBuildFile; fileRef = 8180E6541A147A77007FA1CF /* Lato-Regular.ttf */; };
		8180E6741A147A78007FA1CF /* Lato-Regular.ttf in Resources */ = {isa = PBXBuildFile; fileRef = 8180E6541A147A77007FA1CF /* Lato-Regular.ttf */; };
		8180E6751A147A78007FA1CF /* Lato-Semibold.ttf in Resources */ = {isa = PBXBuildFile; fileRef = 8180E6551A147A77007FA1CF /* Lato-Semibold.ttf */; };
		8180E6761A147A78007FA1CF /* Lato-Semibold.ttf in Resources */ = {isa = PBXBuildFile; fileRef = 8180E6551A147A77007FA1CF /* Lato-Semibold.ttf */; };
		8180E6771A147A78007FA1CF /* Lato-SemiboldItalic.ttf in Resources */ = {isa = PBXBuildFile; fileRef = 8180E6561A147A77007FA1CF /* Lato-SemiboldItalic.ttf */; };
		8180E6781A147A78007FA1CF /* Lato-SemiboldItalic.ttf in Resources */ = {isa = PBXBuildFile; fileRef = 8180E6561A147A77007FA1CF /* Lato-SemiboldItalic.ttf */; };
		8180E6791A147A78007FA1CF /* Lato-Thin.ttf in Resources */ = {isa = PBXBuildFile; fileRef = 8180E6571A147A77007FA1CF /* Lato-Thin.ttf */; };
		8180E67A1A147A78007FA1CF /* Lato-Thin.ttf in Resources */ = {isa = PBXBuildFile; fileRef = 8180E6571A147A77007FA1CF /* Lato-Thin.ttf */; };
		8180E67B1A147A78007FA1CF /* Lato-ThinItalic.ttf in Resources */ = {isa = PBXBuildFile; fileRef = 8180E6581A147A77007FA1CF /* Lato-ThinItalic.ttf */; };
		8180E67C1A147A78007FA1CF /* Lato-ThinItalic.ttf in Resources */ = {isa = PBXBuildFile; fileRef = 8180E6581A147A77007FA1CF /* Lato-ThinItalic.ttf */; };
		8180E6801A147FBA007FA1CF /* LyricTableViewCell.swift in Sources */ = {isa = PBXBuildFile; fileRef = 8180E67E1A147FBA007FA1CF /* LyricTableViewCell.swift */; };
		8180E6811A147FBA007FA1CF /* LyricTableViewCell.swift in Sources */ = {isa = PBXBuildFile; fileRef = 8180E67E1A147FBA007FA1CF /* LyricTableViewCell.swift */; };
		8180E6821A147FBA007FA1CF /* LyricTableViewCell.xib in Resources */ = {isa = PBXBuildFile; fileRef = 8180E67F1A147FBA007FA1CF /* LyricTableViewCell.xib */; };
		8180E6831A147FBA007FA1CF /* LyricTableViewCell.xib in Resources */ = {isa = PBXBuildFile; fileRef = 8180E67F1A147FBA007FA1CF /* LyricTableViewCell.xib */; };
		81ABAAE81A15820600456A5A /* SectionPickerView.swift in Sources */ = {isa = PBXBuildFile; fileRef = 81ABAAE71A15820600456A5A /* SectionPickerView.swift */; };
/* End PBXBuildFile section */

/* Begin PBXContainerItemProxy section */
		8180E61E1A142158007FA1CF /* PBXContainerItemProxy */ = {
			isa = PBXContainerItemProxy;
			containerPortal = 8180E6001A142157007FA1CF /* Project object */;
			proxyType = 1;
			remoteGlobalIDString = 8180E6071A142157007FA1CF;
			remoteInfo = DrizzyChat;
		};
		8180E6371A142199007FA1CF /* PBXContainerItemProxy */ = {
			isa = PBXContainerItemProxy;
			containerPortal = 8180E6001A142157007FA1CF /* Project object */;
			proxyType = 1;
			remoteGlobalIDString = 8180E6301A142199007FA1CF;
			remoteInfo = CustomKeyboard;
		};
/* End PBXContainerItemProxy section */

/* Begin PBXCopyFilesBuildPhase section */
		8180E63D1A142199007FA1CF /* Embed App Extensions */ = {
			isa = PBXCopyFilesBuildPhase;
			buildActionMask = 2147483647;
			dstPath = "";
			dstSubfolderSpec = 13;
			files = (
				8180E6391A142199007FA1CF /* CustomKeyboard.appex in Embed App Extensions */,
			);
			name = "Embed App Extensions";
			runOnlyForDeploymentPostprocessing = 0;
		};
/* End PBXCopyFilesBuildPhase section */

/* Begin PBXFileReference section */
		03776BC2F64FC0C6FCC35217 /* Pods-DrizzyChat.release.xcconfig */ = {isa = PBXFileReference; includeInIndex = 1; lastKnownFileType = text.xcconfig; name = "Pods-DrizzyChat.release.xcconfig"; path = "Pods/Target Support Files/Pods-DrizzyChat/Pods-DrizzyChat.release.xcconfig"; sourceTree = "<group>"; };
		34A1AC279BD85B39182E791B /* libPods-DrizzyChat.a */ = {isa = PBXFileReference; explicitFileType = archive.ar; includeInIndex = 0; path = "libPods-DrizzyChat.a"; sourceTree = BUILT_PRODUCTS_DIR; };
		81331E001A17DF84003E4609 /* LyricGroup.swift */ = {isa = PBXFileReference; fileEncoding = 4; lastKnownFileType = sourcecode.swift; name = LyricGroup.swift; path = Source/LyricGroup.swift; sourceTree = "<group>"; };
		81331E041A17E538003E4609 /* Category.swift */ = {isa = PBXFileReference; fileEncoding = 4; lastKnownFileType = sourcecode.swift; name = Category.swift; path = Source/Category.swift; sourceTree = "<group>"; };
		81331E071A17E8FE003E4609 /* DrizzyChat-Bridging-Header.h */ = {isa = PBXFileReference; lastKnownFileType = sourcecode.c.h; path = "DrizzyChat-Bridging-Header.h"; sourceTree = "<group>"; };
		8180E6081A142157007FA1CF /* DrizzyChat.app */ = {isa = PBXFileReference; explicitFileType = wrapper.application; includeInIndex = 0; path = DrizzyChat.app; sourceTree = BUILT_PRODUCTS_DIR; };
		8180E60C1A142157007FA1CF /* Info.plist */ = {isa = PBXFileReference; lastKnownFileType = text.plist.xml; path = Info.plist; sourceTree = "<group>"; };
		8180E60D1A142157007FA1CF /* AppDelegate.swift */ = {isa = PBXFileReference; lastKnownFileType = sourcecode.swift; path = AppDelegate.swift; sourceTree = "<group>"; };
		8180E60F1A142157007FA1CF /* ViewController.swift */ = {isa = PBXFileReference; lastKnownFileType = sourcecode.swift; path = ViewController.swift; sourceTree = "<group>"; };
		8180E6121A142157007FA1CF /* Base */ = {isa = PBXFileReference; lastKnownFileType = file.storyboard; name = Base; path = Base.lproj/Main.storyboard; sourceTree = "<group>"; };
		8180E6141A142157007FA1CF /* Images.xcassets */ = {isa = PBXFileReference; lastKnownFileType = folder.assetcatalog; path = Images.xcassets; sourceTree = "<group>"; };
		8180E6171A142157007FA1CF /* Base */ = {isa = PBXFileReference; lastKnownFileType = file.xib; name = Base; path = Base.lproj/LaunchScreen.xib; sourceTree = "<group>"; };
		8180E61D1A142158007FA1CF /* DrizzyChatTests.xctest */ = {isa = PBXFileReference; explicitFileType = wrapper.cfbundle; includeInIndex = 0; path = DrizzyChatTests.xctest; sourceTree = BUILT_PRODUCTS_DIR; };
		8180E6221A142158007FA1CF /* Info.plist */ = {isa = PBXFileReference; lastKnownFileType = text.plist.xml; path = Info.plist; sourceTree = "<group>"; };
		8180E6231A142158007FA1CF /* DrizzyChatTests.swift */ = {isa = PBXFileReference; lastKnownFileType = sourcecode.swift; path = DrizzyChatTests.swift; sourceTree = "<group>"; };
		8180E6311A142199007FA1CF /* CustomKeyboard.appex */ = {isa = PBXFileReference; explicitFileType = "wrapper.app-extension"; includeInIndex = 0; path = CustomKeyboard.appex; sourceTree = BUILT_PRODUCTS_DIR; };
		8180E6341A142199007FA1CF /* Info.plist */ = {isa = PBXFileReference; lastKnownFileType = text.plist.xml; path = Info.plist; sourceTree = "<group>"; };
		8180E6351A142199007FA1CF /* KeyboardViewController.swift */ = {isa = PBXFileReference; lastKnownFileType = sourcecode.swift; path = KeyboardViewController.swift; sourceTree = "<group>"; };
		8180E63E1A142B1A007FA1CF /* SectionCollectionViewController.swift */ = {isa = PBXFileReference; fileEncoding = 4; lastKnownFileType = sourcecode.swift; path = SectionCollectionViewController.swift; sourceTree = "<group>"; };
		8180E6401A142B7C007FA1CF /* KeyboardView.xib */ = {isa = PBXFileReference; fileEncoding = 4; lastKnownFileType = file.xib; path = KeyboardView.xib; sourceTree = "<group>"; };
		8180E6421A142EA4007FA1CF /* LyricPickerTableViewController.swift */ = {isa = PBXFileReference; fileEncoding = 4; lastKnownFileType = sourcecode.swift; path = LyricPickerTableViewController.swift; sourceTree = "<group>"; };
		8180E6431A142EA4007FA1CF /* LyricPickerTableViewController.xib */ = {isa = PBXFileReference; fileEncoding = 4; lastKnownFileType = file.xib; path = LyricPickerTableViewController.xib; sourceTree = "<group>"; };
		8180E6471A147A77007FA1CF /* Lato-Black.ttf */ = {isa = PBXFileReference; lastKnownFileType = file; path = "Lato-Black.ttf"; sourceTree = "<group>"; };
		8180E6481A147A77007FA1CF /* Lato-BlackItalic.ttf */ = {isa = PBXFileReference; lastKnownFileType = file; path = "Lato-BlackItalic.ttf"; sourceTree = "<group>"; };
		8180E6491A147A77007FA1CF /* Lato-Bold.ttf */ = {isa = PBXFileReference; lastKnownFileType = file; path = "Lato-Bold.ttf"; sourceTree = "<group>"; };
		8180E64A1A147A77007FA1CF /* Lato-BoldItalic.ttf */ = {isa = PBXFileReference; lastKnownFileType = file; path = "Lato-BoldItalic.ttf"; sourceTree = "<group>"; };
		8180E64B1A147A77007FA1CF /* Lato-Hairline.ttf */ = {isa = PBXFileReference; lastKnownFileType = file; path = "Lato-Hairline.ttf"; sourceTree = "<group>"; };
		8180E64C1A147A77007FA1CF /* Lato-HairlineItalic.ttf */ = {isa = PBXFileReference; lastKnownFileType = file; path = "Lato-HairlineItalic.ttf"; sourceTree = "<group>"; };
		8180E64D1A147A77007FA1CF /* Lato-Heavy.ttf */ = {isa = PBXFileReference; lastKnownFileType = file; path = "Lato-Heavy.ttf"; sourceTree = "<group>"; };
		8180E64E1A147A77007FA1CF /* Lato-HeavyItalic.ttf */ = {isa = PBXFileReference; lastKnownFileType = file; path = "Lato-HeavyItalic.ttf"; sourceTree = "<group>"; };
		8180E64F1A147A77007FA1CF /* Lato-Italic.ttf */ = {isa = PBXFileReference; lastKnownFileType = file; path = "Lato-Italic.ttf"; sourceTree = "<group>"; };
		8180E6501A147A77007FA1CF /* Lato-Light.ttf */ = {isa = PBXFileReference; lastKnownFileType = file; path = "Lato-Light.ttf"; sourceTree = "<group>"; };
		8180E6511A147A77007FA1CF /* Lato-LightItalic.ttf */ = {isa = PBXFileReference; lastKnownFileType = file; path = "Lato-LightItalic.ttf"; sourceTree = "<group>"; };
		8180E6521A147A77007FA1CF /* Lato-Medium.ttf */ = {isa = PBXFileReference; lastKnownFileType = file; path = "Lato-Medium.ttf"; sourceTree = "<group>"; };
		8180E6531A147A77007FA1CF /* Lato-MediumItalic.ttf */ = {isa = PBXFileReference; lastKnownFileType = file; path = "Lato-MediumItalic.ttf"; sourceTree = "<group>"; };
		8180E6541A147A77007FA1CF /* Lato-Regular.ttf */ = {isa = PBXFileReference; lastKnownFileType = file; path = "Lato-Regular.ttf"; sourceTree = "<group>"; };
		8180E6551A147A77007FA1CF /* Lato-Semibold.ttf */ = {isa = PBXFileReference; lastKnownFileType = file; path = "Lato-Semibold.ttf"; sourceTree = "<group>"; };
		8180E6561A147A77007FA1CF /* Lato-SemiboldItalic.ttf */ = {isa = PBXFileReference; lastKnownFileType = file; path = "Lato-SemiboldItalic.ttf"; sourceTree = "<group>"; };
		8180E6571A147A77007FA1CF /* Lato-Thin.ttf */ = {isa = PBXFileReference; lastKnownFileType = file; path = "Lato-Thin.ttf"; sourceTree = "<group>"; };
		8180E6581A147A77007FA1CF /* Lato-ThinItalic.ttf */ = {isa = PBXFileReference; lastKnownFileType = file; path = "Lato-ThinItalic.ttf"; sourceTree = "<group>"; };
		8180E67E1A147FBA007FA1CF /* LyricTableViewCell.swift */ = {isa = PBXFileReference; fileEncoding = 4; lastKnownFileType = sourcecode.swift; name = LyricTableViewCell.swift; path = Source/LyricTableViewCell.swift; sourceTree = "<group>"; };
		8180E67F1A147FBA007FA1CF /* LyricTableViewCell.xib */ = {isa = PBXFileReference; fileEncoding = 4; lastKnownFileType = file.xib; name = LyricTableViewCell.xib; path = Source/LyricTableViewCell.xib; sourceTree = "<group>"; };
		81ABAAE71A15820600456A5A /* SectionPickerView.swift */ = {isa = PBXFileReference; fileEncoding = 4; lastKnownFileType = sourcecode.swift; name = SectionPickerView.swift; path = Source/SectionPickerView.swift; sourceTree = "<group>"; };
		D5794374D5B3F63155309941 /* Pods-DrizzyChat.debug.xcconfig */ = {isa = PBXFileReference; includeInIndex = 1; lastKnownFileType = text.xcconfig; name = "Pods-DrizzyChat.debug.xcconfig"; path = "Pods/Target Support Files/Pods-DrizzyChat/Pods-DrizzyChat.debug.xcconfig"; sourceTree = "<group>"; };
/* End PBXFileReference section */

/* Begin PBXFrameworksBuildPhase section */
		8180E6051A142157007FA1CF /* Frameworks */ = {
			isa = PBXFrameworksBuildPhase;
			buildActionMask = 2147483647;
			files = (
				49FE9F1B1E98F2BC085C3ACE /* libPods-DrizzyChat.a in Frameworks */,
			);
			runOnlyForDeploymentPostprocessing = 0;
		};
		8180E61A1A142158007FA1CF /* Frameworks */ = {
			isa = PBXFrameworksBuildPhase;
			buildActionMask = 2147483647;
			files = (
			);
			runOnlyForDeploymentPostprocessing = 0;
		};
		8180E62E1A142199007FA1CF /* Frameworks */ = {
			isa = PBXFrameworksBuildPhase;
			buildActionMask = 2147483647;
			files = (
			);
			runOnlyForDeploymentPostprocessing = 0;
		};
/* End PBXFrameworksBuildPhase section */

/* Begin PBXGroup section */
		3A906368B7CA46AA11C157BA /* Pods */ = {
			isa = PBXGroup;
			children = (
				D5794374D5B3F63155309941 /* Pods-DrizzyChat.debug.xcconfig */,
				03776BC2F64FC0C6FCC35217 /* Pods-DrizzyChat.release.xcconfig */,
			);
			name = Pods;
			sourceTree = "<group>";
		};
		7F93937CEF33AF0CDDEE7D74 /* Frameworks */ = {
			isa = PBXGroup;
			children = (
				34A1AC279BD85B39182E791B /* libPods-DrizzyChat.a */,
			);
			name = Frameworks;
			sourceTree = "<group>";
		};
		81331DFF1A17DF66003E4609 /* Models */ = {
			isa = PBXGroup;
			children = (
				81331E001A17DF84003E4609 /* LyricGroup.swift */,
				81331E041A17E538003E4609 /* Category.swift */,
			);
			name = Models;
			sourceTree = "<group>";
		};
		81331E061A17E552003E4609 /* Service */ = {
			isa = PBXGroup;
			children = (
			);
			name = Service;
			sourceTree = "<group>";
		};
		8180E5FF1A142157007FA1CF = {
			isa = PBXGroup;
			children = (
				8180E60A1A142157007FA1CF /* DrizzyChat */,
				8180E6201A142158007FA1CF /* DrizzyChatTests */,
				8180E6321A142199007FA1CF /* CustomKeyboard */,
				8180E6091A142157007FA1CF /* Products */,
				3A906368B7CA46AA11C157BA /* Pods */,
				7F93937CEF33AF0CDDEE7D74 /* Frameworks */,
			);
			sourceTree = "<group>";
		};
		8180E6091A142157007FA1CF /* Products */ = {
			isa = PBXGroup;
			children = (
				8180E6081A142157007FA1CF /* DrizzyChat.app */,
				8180E61D1A142158007FA1CF /* DrizzyChatTests.xctest */,
				8180E6311A142199007FA1CF /* CustomKeyboard.appex */,
			);
			name = Products;
			sourceTree = "<group>";
		};
		8180E60A1A142157007FA1CF /* DrizzyChat */ = {
			isa = PBXGroup;
			children = (
				8180E60D1A142157007FA1CF /* AppDelegate.swift */,
				8180E60F1A142157007FA1CF /* ViewController.swift */,
				8180E6111A142157007FA1CF /* Main.storyboard */,
				8180E6141A142157007FA1CF /* Images.xcassets */,
				8180E6161A142157007FA1CF /* LaunchScreen.xib */,
				8180E60B1A142157007FA1CF /* Supporting Files */,
				81331E071A17E8FE003E4609 /* DrizzyChat-Bridging-Header.h */,
			);
			path = DrizzyChat;
			sourceTree = "<group>";
		};
		8180E60B1A142157007FA1CF /* Supporting Files */ = {
			isa = PBXGroup;
			children = (
				8180E60C1A142157007FA1CF /* Info.plist */,
			);
			name = "Supporting Files";
			sourceTree = "<group>";
		};
		8180E6201A142158007FA1CF /* DrizzyChatTests */ = {
			isa = PBXGroup;
			children = (
				8180E6231A142158007FA1CF /* DrizzyChatTests.swift */,
				8180E6211A142158007FA1CF /* Supporting Files */,
			);
			path = DrizzyChatTests;
			sourceTree = "<group>";
		};
		8180E6211A142158007FA1CF /* Supporting Files */ = {
			isa = PBXGroup;
			children = (
				8180E6221A142158007FA1CF /* Info.plist */,
			);
			name = "Supporting Files";
			sourceTree = "<group>";
		};
		8180E6321A142199007FA1CF /* CustomKeyboard */ = {
			isa = PBXGroup;
			children = (
				81331E061A17E552003E4609 /* Service */,
				81331DFF1A17DF66003E4609 /* Models */,
				8180E67D1A147F7D007FA1CF /* Views */,
				8180E6351A142199007FA1CF /* KeyboardViewController.swift */,
				8180E63E1A142B1A007FA1CF /* SectionCollectionViewController.swift */,
				8180E6421A142EA4007FA1CF /* LyricPickerTableViewController.swift */,
				8180E6431A142EA4007FA1CF /* LyricPickerTableViewController.xib */,
				8180E6461A1477F2007FA1CF /* Resources */,
				8180E6331A142199007FA1CF /* Supporting Files */,
				8180E6401A142B7C007FA1CF /* KeyboardView.xib */,
			);
			path = CustomKeyboard;
			sourceTree = "<group>";
		};
		8180E6331A142199007FA1CF /* Supporting Files */ = {
			isa = PBXGroup;
			children = (
				8180E6341A142199007FA1CF /* Info.plist */,
			);
			name = "Supporting Files";
			sourceTree = "<group>";
		};
		8180E6461A1477F2007FA1CF /* Resources */ = {
			isa = PBXGroup;
			children = (
				8180E6471A147A77007FA1CF /* Lato-Black.ttf */,
				8180E6481A147A77007FA1CF /* Lato-BlackItalic.ttf */,
				8180E6491A147A77007FA1CF /* Lato-Bold.ttf */,
				8180E64A1A147A77007FA1CF /* Lato-BoldItalic.ttf */,
				8180E64B1A147A77007FA1CF /* Lato-Hairline.ttf */,
				8180E64C1A147A77007FA1CF /* Lato-HairlineItalic.ttf */,
				8180E64D1A147A77007FA1CF /* Lato-Heavy.ttf */,
				8180E64E1A147A77007FA1CF /* Lato-HeavyItalic.ttf */,
				8180E64F1A147A77007FA1CF /* Lato-Italic.ttf */,
				8180E6501A147A77007FA1CF /* Lato-Light.ttf */,
				8180E6511A147A77007FA1CF /* Lato-LightItalic.ttf */,
				8180E6521A147A77007FA1CF /* Lato-Medium.ttf */,
				8180E6531A147A77007FA1CF /* Lato-MediumItalic.ttf */,
				8180E6541A147A77007FA1CF /* Lato-Regular.ttf */,
				8180E6551A147A77007FA1CF /* Lato-Semibold.ttf */,
				8180E6561A147A77007FA1CF /* Lato-SemiboldItalic.ttf */,
				8180E6571A147A77007FA1CF /* Lato-Thin.ttf */,
				8180E6581A147A77007FA1CF /* Lato-ThinItalic.ttf */,
			);
			path = Resources;
			sourceTree = "<group>";
		};
		8180E67D1A147F7D007FA1CF /* Views */ = {
			isa = PBXGroup;
			children = (
				8180E67E1A147FBA007FA1CF /* LyricTableViewCell.swift */,
				8180E67F1A147FBA007FA1CF /* LyricTableViewCell.xib */,
				81ABAAE71A15820600456A5A /* SectionPickerView.swift */,
			);
			name = Views;
			sourceTree = "<group>";
		};
/* End PBXGroup section */

/* Begin PBXNativeTarget section */
		8180E6071A142157007FA1CF /* DrizzyChat */ = {
			isa = PBXNativeTarget;
			buildConfigurationList = 8180E6271A142158007FA1CF /* Build configuration list for PBXNativeTarget "DrizzyChat" */;
			buildPhases = (
				A00C0EDAA51482F77D82BB77 /* Check Pods Manifest.lock */,
				8180E6041A142157007FA1CF /* Sources */,
				8180E6051A142157007FA1CF /* Frameworks */,
				8180E6061A142157007FA1CF /* Resources */,
				8180E63D1A142199007FA1CF /* Embed App Extensions */,
				45728D1C2D72036A77085D41 /* Copy Pods Resources */,
			);
			buildRules = (
			);
			dependencies = (
				8180E6381A142199007FA1CF /* PBXTargetDependency */,
			);
			name = DrizzyChat;
			productName = DrizzyChat;
			productReference = 8180E6081A142157007FA1CF /* DrizzyChat.app */;
			productType = "com.apple.product-type.application";
		};
		8180E61C1A142158007FA1CF /* DrizzyChatTests */ = {
			isa = PBXNativeTarget;
			buildConfigurationList = 8180E62A1A142158007FA1CF /* Build configuration list for PBXNativeTarget "DrizzyChatTests" */;
			buildPhases = (
				8180E6191A142158007FA1CF /* Sources */,
				8180E61A1A142158007FA1CF /* Frameworks */,
				8180E61B1A142158007FA1CF /* Resources */,
			);
			buildRules = (
			);
			dependencies = (
				8180E61F1A142158007FA1CF /* PBXTargetDependency */,
			);
			name = DrizzyChatTests;
			productName = DrizzyChatTests;
			productReference = 8180E61D1A142158007FA1CF /* DrizzyChatTests.xctest */;
			productType = "com.apple.product-type.bundle.unit-test";
		};
		8180E6301A142199007FA1CF /* CustomKeyboard */ = {
			isa = PBXNativeTarget;
			buildConfigurationList = 8180E63A1A142199007FA1CF /* Build configuration list for PBXNativeTarget "CustomKeyboard" */;
			buildPhases = (
				8180E62D1A142199007FA1CF /* Sources */,
				8180E62E1A142199007FA1CF /* Frameworks */,
				8180E62F1A142199007FA1CF /* Resources */,
			);
			buildRules = (
			);
			dependencies = (
			);
			name = CustomKeyboard;
			productName = CustomKeyboard;
			productReference = 8180E6311A142199007FA1CF /* CustomKeyboard.appex */;
			productType = "com.apple.product-type.app-extension";
		};
/* End PBXNativeTarget section */

/* Begin PBXProject section */
		8180E6001A142157007FA1CF /* Project object */ = {
			isa = PBXProject;
			attributes = {
				LastUpgradeCheck = 0610;
				ORGANIZATIONNAME = "Luc Success";
				TargetAttributes = {
					8180E6071A142157007FA1CF = {
						CreatedOnToolsVersion = 6.1;
					};
					8180E61C1A142158007FA1CF = {
						CreatedOnToolsVersion = 6.1;
						TestTargetID = 8180E6071A142157007FA1CF;
					};
					8180E6301A142199007FA1CF = {
						CreatedOnToolsVersion = 6.1;
					};
				};
			};
			buildConfigurationList = 8180E6031A142157007FA1CF /* Build configuration list for PBXProject "DrizzyChat" */;
			compatibilityVersion = "Xcode 3.2";
			developmentRegion = English;
			hasScannedForEncodings = 0;
			knownRegions = (
				en,
				Base,
			);
			mainGroup = 8180E5FF1A142157007FA1CF;
			productRefGroup = 8180E6091A142157007FA1CF /* Products */;
			projectDirPath = "";
			projectRoot = "";
			targets = (
				8180E6071A142157007FA1CF /* DrizzyChat */,
				8180E61C1A142158007FA1CF /* DrizzyChatTests */,
				8180E6301A142199007FA1CF /* CustomKeyboard */,
			);
		};
/* End PBXProject section */

/* Begin PBXResourcesBuildPhase section */
		8180E6061A142157007FA1CF /* Resources */ = {
			isa = PBXResourcesBuildPhase;
			buildActionMask = 2147483647;
			files = (
				8180E6651A147A78007FA1CF /* Lato-Heavy.ttf in Resources */,
				8180E67B1A147A78007FA1CF /* Lato-ThinItalic.ttf in Resources */,
				8180E66B1A147A78007FA1CF /* Lato-Light.ttf in Resources */,
				8180E6591A147A78007FA1CF /* Lato-Black.ttf in Resources */,
				8180E65D1A147A78007FA1CF /* Lato-Bold.ttf in Resources */,
				8180E6821A147FBA007FA1CF /* LyricTableViewCell.xib in Resources */,
				8180E6131A142157007FA1CF /* Main.storyboard in Resources */,
				8180E6711A147A78007FA1CF /* Lato-MediumItalic.ttf in Resources */,
				8180E6771A147A78007FA1CF /* Lato-SemiboldItalic.ttf in Resources */,
				8180E65B1A147A78007FA1CF /* Lato-BlackItalic.ttf in Resources */,
				8180E6671A147A78007FA1CF /* Lato-HeavyItalic.ttf in Resources */,
				8180E6181A142157007FA1CF /* LaunchScreen.xib in Resources */,
				8180E6631A147A78007FA1CF /* Lato-HairlineItalic.ttf in Resources */,
				8180E65F1A147A78007FA1CF /* Lato-BoldItalic.ttf in Resources */,
				8180E6751A147A78007FA1CF /* Lato-Semibold.ttf in Resources */,
				8180E66F1A147A78007FA1CF /* Lato-Medium.ttf in Resources */,
				8180E6611A147A78007FA1CF /* Lato-Hairline.ttf in Resources */,
				8180E6691A147A78007FA1CF /* Lato-Italic.ttf in Resources */,
				8180E6151A142157007FA1CF /* Images.xcassets in Resources */,
				8180E6791A147A78007FA1CF /* Lato-Thin.ttf in Resources */,
				8180E66D1A147A78007FA1CF /* Lato-LightItalic.ttf in Resources */,
				8180E6731A147A78007FA1CF /* Lato-Regular.ttf in Resources */,
			);
			runOnlyForDeploymentPostprocessing = 0;
		};
		8180E61B1A142158007FA1CF /* Resources */ = {
			isa = PBXResourcesBuildPhase;
			buildActionMask = 2147483647;
			files = (
			);
			runOnlyForDeploymentPostprocessing = 0;
		};
		8180E62F1A142199007FA1CF /* Resources */ = {
			isa = PBXResourcesBuildPhase;
			buildActionMask = 2147483647;
			files = (
				8180E6681A147A78007FA1CF /* Lato-HeavyItalic.ttf in Resources */,
				8180E65C1A147A78007FA1CF /* Lato-BlackItalic.ttf in Resources */,
				8180E6621A147A78007FA1CF /* Lato-Hairline.ttf in Resources */,
				8180E67A1A147A78007FA1CF /* Lato-Thin.ttf in Resources */,
				8180E66C1A147A78007FA1CF /* Lato-Light.ttf in Resources */,
				8180E6641A147A78007FA1CF /* Lato-HairlineItalic.ttf in Resources */,
				8180E6781A147A78007FA1CF /* Lato-SemiboldItalic.ttf in Resources */,
				8180E6701A147A78007FA1CF /* Lato-Medium.ttf in Resources */,
				8180E66A1A147A78007FA1CF /* Lato-Italic.ttf in Resources */,
				8180E65E1A147A78007FA1CF /* Lato-Bold.ttf in Resources */,
				8180E6411A142B7C007FA1CF /* KeyboardView.xib in Resources */,
				8180E6721A147A78007FA1CF /* Lato-MediumItalic.ttf in Resources */,
				8180E6601A147A78007FA1CF /* Lato-BoldItalic.ttf in Resources */,
				8180E6761A147A78007FA1CF /* Lato-Semibold.ttf in Resources */,
				8180E6741A147A78007FA1CF /* Lato-Regular.ttf in Resources */,
				8180E6831A147FBA007FA1CF /* LyricTableViewCell.xib in Resources */,
				8180E6661A147A78007FA1CF /* Lato-Heavy.ttf in Resources */,
				8180E65A1A147A78007FA1CF /* Lato-Black.ttf in Resources */,
				8180E67C1A147A78007FA1CF /* Lato-ThinItalic.ttf in Resources */,
				8180E6451A142EA4007FA1CF /* LyricPickerTableViewController.xib in Resources */,
				8180E66E1A147A78007FA1CF /* Lato-LightItalic.ttf in Resources */,
			);
			runOnlyForDeploymentPostprocessing = 0;
		};
/* End PBXResourcesBuildPhase section */

/* Begin PBXShellScriptBuildPhase section */
		45728D1C2D72036A77085D41 /* Copy Pods Resources */ = {
			isa = PBXShellScriptBuildPhase;
			buildActionMask = 2147483647;
			files = (
			);
			inputPaths = (
			);
			name = "Copy Pods Resources";
			outputPaths = (
			);
			runOnlyForDeploymentPostprocessing = 0;
			shellPath = /bin/sh;
			shellScript = "\"${SRCROOT}/Pods/Target Support Files/Pods-DrizzyChat/Pods-DrizzyChat-resources.sh\"\n";
			showEnvVarsInLog = 0;
		};
		A00C0EDAA51482F77D82BB77 /* Check Pods Manifest.lock */ = {
			isa = PBXShellScriptBuildPhase;
			buildActionMask = 2147483647;
			files = (
			);
			inputPaths = (
			);
			name = "Check Pods Manifest.lock";
			outputPaths = (
			);
			runOnlyForDeploymentPostprocessing = 0;
			shellPath = /bin/sh;
			shellScript = "diff \"${PODS_ROOT}/../Podfile.lock\" \"${PODS_ROOT}/Manifest.lock\" > /dev/null\nif [[ $? != 0 ]] ; then\n    cat << EOM\nerror: The sandbox is not in sync with the Podfile.lock. Run 'pod install' or update your CocoaPods installation.\nEOM\n    exit 1\nfi\n";
			showEnvVarsInLog = 0;
		};
/* End PBXShellScriptBuildPhase section */

/* Begin PBXSourcesBuildPhase section */
		8180E6041A142157007FA1CF /* Sources */ = {
			isa = PBXSourcesBuildPhase;
			buildActionMask = 2147483647;
			files = (
				8180E6801A147FBA007FA1CF /* LyricTableViewCell.swift in Sources */,
				8180E6101A142157007FA1CF /* ViewController.swift in Sources */,
				8180E60E1A142157007FA1CF /* AppDelegate.swift in Sources */,
			);
			runOnlyForDeploymentPostprocessing = 0;
		};
		8180E6191A142158007FA1CF /* Sources */ = {
			isa = PBXSourcesBuildPhase;
			buildActionMask = 2147483647;
			files = (
				8180E6241A142158007FA1CF /* DrizzyChatTests.swift in Sources */,
			);
			runOnlyForDeploymentPostprocessing = 0;
		};
		8180E62D1A142199007FA1CF /* Sources */ = {
			isa = PBXSourcesBuildPhase;
			buildActionMask = 2147483647;
			files = (
				8180E63F1A142B1A007FA1CF /* SectionCollectionViewController.swift in Sources */,
				8180E6811A147FBA007FA1CF /* LyricTableViewCell.swift in Sources */,
				8180E6361A142199007FA1CF /* KeyboardViewController.swift in Sources */,
				81ABAAE81A15820600456A5A /* SectionPickerView.swift in Sources */,
				8180E6441A142EA4007FA1CF /* LyricPickerTableViewController.swift in Sources */,
				81331E011A17DF84003E4609 /* LyricGroup.swift in Sources */,
				81331E051A17E538003E4609 /* Category.swift in Sources */,
			);
			runOnlyForDeploymentPostprocessing = 0;
		};
/* End PBXSourcesBuildPhase section */

/* Begin PBXTargetDependency section */
		8180E61F1A142158007FA1CF /* PBXTargetDependency */ = {
			isa = PBXTargetDependency;
			target = 8180E6071A142157007FA1CF /* DrizzyChat */;
			targetProxy = 8180E61E1A142158007FA1CF /* PBXContainerItemProxy */;
		};
		8180E6381A142199007FA1CF /* PBXTargetDependency */ = {
			isa = PBXTargetDependency;
			target = 8180E6301A142199007FA1CF /* CustomKeyboard */;
			targetProxy = 8180E6371A142199007FA1CF /* PBXContainerItemProxy */;
		};
/* End PBXTargetDependency section */

/* Begin PBXVariantGroup section */
		8180E6111A142157007FA1CF /* Main.storyboard */ = {
			isa = PBXVariantGroup;
			children = (
				8180E6121A142157007FA1CF /* Base */,
			);
			name = Main.storyboard;
			sourceTree = "<group>";
		};
		8180E6161A142157007FA1CF /* LaunchScreen.xib */ = {
			isa = PBXVariantGroup;
			children = (
				8180E6171A142157007FA1CF /* Base */,
			);
			name = LaunchScreen.xib;
			sourceTree = "<group>";
		};
/* End PBXVariantGroup section */

/* Begin XCBuildConfiguration section */
		8180E6251A142158007FA1CF /* Debug */ = {
			isa = XCBuildConfiguration;
			buildSettings = {
				ALWAYS_SEARCH_USER_PATHS = NO;
				CLANG_CXX_LANGUAGE_STANDARD = "gnu++0x";
				CLANG_CXX_LIBRARY = "libc++";
				CLANG_ENABLE_MODULES = YES;
				CLANG_ENABLE_OBJC_ARC = YES;
				CLANG_WARN_BOOL_CONVERSION = YES;
				CLANG_WARN_CONSTANT_CONVERSION = YES;
				CLANG_WARN_DIRECT_OBJC_ISA_USAGE = YES_ERROR;
				CLANG_WARN_EMPTY_BODY = YES;
				CLANG_WARN_ENUM_CONVERSION = YES;
				CLANG_WARN_INT_CONVERSION = YES;
				CLANG_WARN_OBJC_ROOT_CLASS = YES_ERROR;
				CLANG_WARN_UNREACHABLE_CODE = YES;
				CLANG_WARN__DUPLICATE_METHOD_MATCH = YES;
				"CODE_SIGN_IDENTITY[sdk=iphoneos*]" = "iPhone Developer";
				COPY_PHASE_STRIP = NO;
				ENABLE_STRICT_OBJC_MSGSEND = YES;
				GCC_C_LANGUAGE_STANDARD = gnu99;
				GCC_DYNAMIC_NO_PIC = NO;
				GCC_OPTIMIZATION_LEVEL = 0;
				GCC_PREPROCESSOR_DEFINITIONS = (
					"DEBUG=1",
					"$(inherited)",
				);
				GCC_SYMBOLS_PRIVATE_EXTERN = NO;
				GCC_WARN_64_TO_32_BIT_CONVERSION = YES;
				GCC_WARN_ABOUT_RETURN_TYPE = YES_ERROR;
				GCC_WARN_UNDECLARED_SELECTOR = YES;
				GCC_WARN_UNINITIALIZED_AUTOS = YES_AGGRESSIVE;
				GCC_WARN_UNUSED_FUNCTION = YES;
				GCC_WARN_UNUSED_VARIABLE = YES;
				IPHONEOS_DEPLOYMENT_TARGET = 8.1;
				MTL_ENABLE_DEBUG_INFO = YES;
				ONLY_ACTIVE_ARCH = YES;
				SDKROOT = iphoneos;
				SWIFT_OPTIMIZATION_LEVEL = "-Onone";
			};
			name = Debug;
		};
		8180E6261A142158007FA1CF /* Release */ = {
			isa = XCBuildConfiguration;
			buildSettings = {
				ALWAYS_SEARCH_USER_PATHS = NO;
				CLANG_CXX_LANGUAGE_STANDARD = "gnu++0x";
				CLANG_CXX_LIBRARY = "libc++";
				CLANG_ENABLE_MODULES = YES;
				CLANG_ENABLE_OBJC_ARC = YES;
				CLANG_WARN_BOOL_CONVERSION = YES;
				CLANG_WARN_CONSTANT_CONVERSION = YES;
				CLANG_WARN_DIRECT_OBJC_ISA_USAGE = YES_ERROR;
				CLANG_WARN_EMPTY_BODY = YES;
				CLANG_WARN_ENUM_CONVERSION = YES;
				CLANG_WARN_INT_CONVERSION = YES;
				CLANG_WARN_OBJC_ROOT_CLASS = YES_ERROR;
				CLANG_WARN_UNREACHABLE_CODE = YES;
				CLANG_WARN__DUPLICATE_METHOD_MATCH = YES;
				"CODE_SIGN_IDENTITY[sdk=iphoneos*]" = "iPhone Developer";
				COPY_PHASE_STRIP = YES;
				ENABLE_NS_ASSERTIONS = NO;
				ENABLE_STRICT_OBJC_MSGSEND = YES;
				GCC_C_LANGUAGE_STANDARD = gnu99;
				GCC_WARN_64_TO_32_BIT_CONVERSION = YES;
				GCC_WARN_ABOUT_RETURN_TYPE = YES_ERROR;
				GCC_WARN_UNDECLARED_SELECTOR = YES;
				GCC_WARN_UNINITIALIZED_AUTOS = YES_AGGRESSIVE;
				GCC_WARN_UNUSED_FUNCTION = YES;
				GCC_WARN_UNUSED_VARIABLE = YES;
				IPHONEOS_DEPLOYMENT_TARGET = 8.1;
				MTL_ENABLE_DEBUG_INFO = NO;
				SDKROOT = iphoneos;
				VALIDATE_PRODUCT = YES;
			};
			name = Release;
		};
		8180E6281A142158007FA1CF /* Debug */ = {
			isa = XCBuildConfiguration;
			baseConfigurationReference = D5794374D5B3F63155309941 /* Pods-DrizzyChat.debug.xcconfig */;
			buildSettings = {
				ASSETCATALOG_COMPILER_APPICON_NAME = AppIcon;
				EMBEDDED_CONTENT_CONTAINS_SWIFT = YES;
				INFOPLIST_FILE = DrizzyChat/Info.plist;
				LD_RUNPATH_SEARCH_PATHS = "$(inherited) @executable_path/Frameworks";
				PRODUCT_NAME = "$(TARGET_NAME)";
				SWIFT_OBJC_BRIDGING_HEADER = "DrizzyChat/DrizzyChat-Bridging-Header.h";
			};
			name = Debug;
		};
		8180E6291A142158007FA1CF /* Release */ = {
			isa = XCBuildConfiguration;
			baseConfigurationReference = 03776BC2F64FC0C6FCC35217 /* Pods-DrizzyChat.release.xcconfig */;
			buildSettings = {
				ASSETCATALOG_COMPILER_APPICON_NAME = AppIcon;
				EMBEDDED_CONTENT_CONTAINS_SWIFT = YES;
				INFOPLIST_FILE = DrizzyChat/Info.plist;
				LD_RUNPATH_SEARCH_PATHS = "$(inherited) @executable_path/Frameworks";
				PRODUCT_NAME = "$(TARGET_NAME)";
				SWIFT_OBJC_BRIDGING_HEADER = "DrizzyChat/DrizzyChat-Bridging-Header.h";
			};
			name = Release;
		};
		8180E62B1A142158007FA1CF /* Debug */ = {
			isa = XCBuildConfiguration;
			buildSettings = {
				BUNDLE_LOADER = "$(TEST_HOST)";
				FRAMEWORK_SEARCH_PATHS = (
					"$(SDKROOT)/Developer/Library/Frameworks",
					"$(inherited)",
				);
				GCC_PREPROCESSOR_DEFINITIONS = (
					"DEBUG=1",
					"$(inherited)",
				);
				INFOPLIST_FILE = DrizzyChatTests/Info.plist;
				LD_RUNPATH_SEARCH_PATHS = "$(inherited) @executable_path/Frameworks @loader_path/Frameworks";
				PRODUCT_NAME = "$(TARGET_NAME)";
				TEST_HOST = "$(BUILT_PRODUCTS_DIR)/DrizzyChat.app/DrizzyChat";
			};
			name = Debug;
		};
		8180E62C1A142158007FA1CF /* Release */ = {
			isa = XCBuildConfiguration;
			buildSettings = {
				BUNDLE_LOADER = "$(TEST_HOST)";
				FRAMEWORK_SEARCH_PATHS = (
					"$(SDKROOT)/Developer/Library/Frameworks",
					"$(inherited)",
				);
				INFOPLIST_FILE = DrizzyChatTests/Info.plist;
				LD_RUNPATH_SEARCH_PATHS = "$(inherited) @executable_path/Frameworks @loader_path/Frameworks";
				PRODUCT_NAME = "$(TARGET_NAME)";
				TEST_HOST = "$(BUILT_PRODUCTS_DIR)/DrizzyChat.app/DrizzyChat";
			};
			name = Release;
		};
		8180E63B1A142199007FA1CF /* Debug */ = {
			isa = XCBuildConfiguration;
			buildSettings = {
				GCC_PREPROCESSOR_DEFINITIONS = (
					"DEBUG=1",
					"$(inherited)",
				);
				INFOPLIST_FILE = CustomKeyboard/Info.plist;
				LD_RUNPATH_SEARCH_PATHS = "$(inherited) @executable_path/Frameworks @executable_path/../../Frameworks";
				PRODUCT_NAME = "$(TARGET_NAME)";
				SKIP_INSTALL = YES;
			};
			name = Debug;
		};
		8180E63C1A142199007FA1CF /* Release */ = {
			isa = XCBuildConfiguration;
			buildSettings = {
				INFOPLIST_FILE = CustomKeyboard/Info.plist;
				LD_RUNPATH_SEARCH_PATHS = "$(inherited) @executable_path/Frameworks @executable_path/../../Frameworks";
				PRODUCT_NAME = "$(TARGET_NAME)";
				SKIP_INSTALL = YES;
			};
			name = Release;
		};
/* End XCBuildConfiguration section */

/* Begin XCConfigurationList section */
		8180E6031A142157007FA1CF /* Build configuration list for PBXProject "DrizzyChat" */ = {
			isa = XCConfigurationList;
			buildConfigurations = (
				8180E6251A142158007FA1CF /* Debug */,
				8180E6261A142158007FA1CF /* Release */,
			);
			defaultConfigurationIsVisible = 0;
			defaultConfigurationName = Release;
		};
		8180E6271A142158007FA1CF /* Build configuration list for PBXNativeTarget "DrizzyChat" */ = {
			isa = XCConfigurationList;
			buildConfigurations = (
				8180E6281A142158007FA1CF /* Debug */,
				8180E6291A142158007FA1CF /* Release */,
			);
			defaultConfigurationIsVisible = 0;
			defaultConfigurationName = Release;
		};
		8180E62A1A142158007FA1CF /* Build configuration list for PBXNativeTarget "DrizzyChatTests" */ = {
			isa = XCConfigurationList;
			buildConfigurations = (
				8180E62B1A142158007FA1CF /* Debug */,
				8180E62C1A142158007FA1CF /* Release */,
			);
			defaultConfigurationIsVisible = 0;
			defaultConfigurationName = Release;
		};
		8180E63A1A142199007FA1CF /* Build configuration list for PBXNativeTarget "CustomKeyboard" */ = {
			isa = XCConfigurationList;
			buildConfigurations = (
				8180E63B1A142199007FA1CF /* Debug */,
				8180E63C1A142199007FA1CF /* Release */,
			);
			defaultConfigurationIsVisible = 0;
			defaultConfigurationName = Release;
		};
/* End XCConfigurationList section */
	};
	rootObject = 8180E6001A142157007FA1CF /* Project object */;
}
