PODS:
  - AFNetworking (2.6.0):
    - AFNetworking/NSURLConnection (= 2.6.0)
    - AFNetworking/NSURLSession (= 2.6.0)
    - AFNetworking/Reachability (= 2.6.0)
    - AFNetworking/Security (= 2.6.0)
    - AFNetworking/Serialization (= 2.6.0)
    - AFNetworking/UIKit (= 2.6.0)
  - AFNetworking/NSURLConnection (2.6.0):
    - AFNetworking/Reachability
    - AFNetworking/Security
    - AFNetworking/Serialization
  - AFNetworking/NSURLSession (2.6.0):
    - AFNetworking/Reachability
    - AFNetworking/Security
    - AFNetworking/Serialization
  - AFNetworking/Reachability (2.6.0)
  - AFNetworking/Security (2.6.0)
  - AFNetworking/Serialization (2.6.0)
  - AFNetworking/UIKit (2.6.0):
    - AFNetworking/NSURLConnection
    - AFNetworking/NSURLSession
  - Analytics/Core-iOS (1.11.3):
    - TRVSDictionaryWithCaseInsensitivity (= 0.0.2)
  - Analytics/Flurry (1.11.3):
    - Analytics/Core-iOS
    - Analytics/Segmentio
    - FlurrySDK (= 4.4.0)
  - Analytics/Segmentio (1.11.3):
    - Analytics/Core-iOS
  - Bolts (1.5.0):
    - Bolts/AppLinks (= 1.5.0)
    - Bolts/Tasks (= 1.5.0)
  - Bolts/AppLinks (1.5.0):
    - Bolts/Tasks
  - Bolts/Tasks (1.5.0)
  - CSStickyHeaderFlowLayout (0.2.10)
  - DateTools (1.7.0)
  - Facebook-iOS-SDK (3.24.1):
    - Bolts (~> 1.2)
  - Firebase (2.5.0)
  - FlurrySDK (4.4.0):
    - FlurrySDK/FlurrySDK (= 4.4.0)
  - FlurrySDK/FlurrySDK (4.4.0)
  - MMWormhole (2.0.0):
    - MMWormhole/Core (= 2.0.0)
  - MMWormhole/Core (2.0.0)
  - Parse (1.11.0):
    - Bolts/Tasks (~> 1.5)
  - ParseFacebookUtils (1.9.1):
    - Bolts/Tasks (~> 1.5)
    - Facebook-iOS-SDK (~> 3.24)
    - Parse (~> 1.9)
  - ParseTwitterUtils (1.9.1):
    - Bolts/Tasks (~> 1.5)
    - Parse (~> 1.9)
  - Reveal-iOS-SDK (1.6.2)
  - TOMSMorphingLabel (0.5.1)
  - TRVSDictionaryWithCaseInsensitivity (0.0.2)

DEPENDENCIES:
  - AFNetworking (= 2.6.0)
  - Analytics/Flurry (from `https://github.com/October-Labs/analytics-ios.git`)
  - CSStickyHeaderFlowLayout
  - DateTools (~> 1.6)
  - Facebook-iOS-SDK (~> 3.0)
  - Firebase (>= 2.0.2)
  - MMWormhole (~> 2.0.0)
  - Parse (~> 1.11)
  - ParseFacebookUtils
  - ParseTwitterUtils
  - Reveal-iOS-SDK
  - TOMSMorphingLabel (~> 0.5)

EXTERNAL SOURCES:
  Analytics:
    :git: https://github.com/October-Labs/analytics-ios.git

CHECKOUT OPTIONS:
  Analytics:
    :commit: f55c68031f7c92235f861ccc744623f9897db989
    :git: https://github.com/October-Labs/analytics-ios.git

SPEC CHECKSUMS:
  AFNetworking: 79f7eb1a0fcfa7beb409332b2ca49afe9ce53b05
  Analytics: 312834d62f1991895c5ef2b0f6d1f690a53e91f1
  Bolts: 722ab9a4f8b50fc4ed1b9998a5a7a2b3f16d80b4
  CSStickyHeaderFlowLayout: 5366582779d8b7c9ba9b9cc729c218cc23888776
  DateTools: 53288ee8b905fdc75897a1e6b5cc0144b14cba60
  Facebook-iOS-SDK: 08689c2690dc4e087b9c8e171e48667608b72a2a
  Firebase: 744617c0733b45198f9486ebd5cac64ec2d10d79
  FlurrySDK: d4737cc34e5b01503a05bedeb2e011ef45c9b114
  MMWormhole: 0cd3fd35a9118b2e2d762b499f54eeaace0be791
  Parse: 886af46a0a677402f6374bb97ac212e795f70afe
  ParseFacebookUtils: 14016713d460f605e8b4834cd616f19339d7e9c0
  ParseTwitterUtils: 41e8849e37db471e874c6e515190ded19e043dc8
  Reveal-iOS-SDK: e2250b3c155bcfac53ae223ddc1f76d08f206c33
  TOMSMorphingLabel: 3e88a2bf5257f8993ebc51fb3109187a0bfb2c4d
  TRVSDictionaryWithCaseInsensitivity: 51d2ccf52c6d645d27b63467a98fa02c556e01b0

COCOAPODS: 0.39.0
