PODS:
  - AFNetworking (2.5.4):
    - AFNetworking/NSURLConnection (= 2.5.4)
    - AFNetworking/NSURLSession (= 2.5.4)
    - AFNetworking/Reachability (= 2.5.4)
    - AFNetworking/Security (= 2.5.4)
    - AFNetworking/Serialization (= 2.5.4)
    - AFNetworking/UIKit (= 2.5.4)
  - AFNetworking/NSURLConnection (2.5.4):
    - AFNetworking/Reachability
    - AFNetworking/Security
    - AFNetworking/Serialization
  - AFNetworking/NSURLSession (2.5.4):
    - AFNetworking/Reachability
    - AFNetworking/Security
    - AFNetworking/Serialization
  - AFNetworking/Reachability (2.5.4)
  - AFNetworking/Security (2.5.4)
  - AFNetworking/Serialization (2.5.4)
  - AFNetworking/UIKit (2.5.4):
    - AFNetworking/NSURLConnection
    - AFNetworking/NSURLSession
  - Analytics/Core-iOS (1.11.3):
    - TRVSDictionaryWithCaseInsensitivity (= 0.0.2)
  - Analytics/Flurry (1.11.3):
    - Analytics/Core-iOS
    - Analytics/Segmentio
    - FlurrySDK (= 4.4.0)
  - Analytics/Segmentio (1.11.3):
    - Analytics/Core-iOS
  - Bolts (1.2.0):
    - Bolts/AppLinks (= 1.2.0)
    - Bolts/Tasks (= 1.2.0)
  - Bolts/AppLinks (1.2.0):
    - Bolts/Tasks
  - Bolts/Tasks (1.2.0)
  - Canvas (0.1.2)
  - CSStickyHeaderFlowLayout (0.2.7)
  - Facebook-iOS-SDK (3.23.2):
    - Bolts (~> 1.0)
  - Firebase (2.3.1)
  - FlurrySDK (4.4.0):
    - FlurrySDK/FlurrySDK (= 4.4.0)
  - FlurrySDK/FlurrySDK (4.4.0)
  - FXBlurView (1.6.3)
  - MMLayershots (0.2.6)
  - Parse (1.7.4)
  - ParseCrashReporting (1.7.4):
    - Bolts/Tasks (>= 1.1.5)
    - Parse (~> 1.7.4)
  - ParseFacebookUtils (1.7.4):
    - Bolts/Tasks (>= 1.1.5)
    - Facebook-iOS-SDK (~> 3.23)
    - Parse (~> 1.7.4)
  - Reveal-iOS-SDK (1.5.1)
  - TOMSMorphingLabel (0.5.1)
  - TRVSDictionaryWithCaseInsensitivity (0.0.2)
  - UIViewController+KeyboardAnimation (1.2)

DEPENDENCIES:
  - AFNetworking (~> 2.0)
  - Analytics/Flurry (from `https://github.com/October-Labs/analytics-ios.git`)
  - Canvas (~> 0.1)
  - CSStickyHeaderFlowLayout (~> 0.2)
  - Facebook-iOS-SDK (~> 3.0)
  - Firebase (>= 2.0.2)
  - FXBlurView (~> 1.6)
  - MMLayershots
  - Parse (from `Parse.podspec.json`)
  - ParseCrashReporting (~> 1.7)
  - ParseFacebookUtils (~> 1.7)
  - Reveal-iOS-SDK
  - TOMSMorphingLabel (~> 0.5)
  - UIViewController+KeyboardAnimation (~> 1.2)

EXTERNAL SOURCES:
  Analytics:
    :git: https://github.com/October-Labs/analytics-ios.git
  Parse:
    :podspec: Parse.podspec.json

CHECKOUT OPTIONS:
  Analytics:
    :commit: f55c68031f7c92235f861ccc744623f9897db989
    :git: https://github.com/October-Labs/analytics-ios.git

SPEC CHECKSUMS:
  AFNetworking: 05edc0ac4c4c8cf57bcf4b84be5b0744b6d8e71e
  Analytics: 312834d62f1991895c5ef2b0f6d1f690a53e91f1
  Bolts: d176cb1e0012175589e389a9db49b85e27787576
  Canvas: eb861e3b555d032648146c8ffda1a5dea40059ca
  CSStickyHeaderFlowLayout: 739445e36fd96ab2cee9b9826a902396567fb6a5
  Facebook-iOS-SDK: cd87f0b2f0c1d9574b44e8fa2baacc275524bac3
  Firebase: 462795adf92029ddb97777660627f5dd4fd59876
  FlurrySDK: 68f1952f3d04a82cfcfbf00ed3435e81317c2946
  FXBlurView: c6d23f3d35af2c6282296a2930f61c6e2c788d01
  MMLayershots: ce67f35806c9c32ba722cd309571a4ff236a244d
  Parse: ba553bf1ea90160c60ba302a193881ad8acc1d9f
  ParseCrashReporting: 0cff3a2720d6e977fff1bdd64e6d3ea94528e170
  ParseFacebookUtils: 7115990b291ae95b920fde413272828d0eb0d963
  Reveal-iOS-SDK: c9c55cad2729c85f6ced415f1b21857c9a2d8ef9
  TOMSMorphingLabel: 3e88a2bf5257f8993ebc51fb3109187a0bfb2c4d
  TRVSDictionaryWithCaseInsensitivity: 51d2ccf52c6d645d27b63467a98fa02c556e01b0
  UIViewController+KeyboardAnimation: 5beaa558cabe3353c37fdd5476c68dac8dc507d5

COCOAPODS: 0.37.1
