PODS:
  - AFNetworking (2.5.4):
    - AFNetworking/NSURLConnection (= 2.5.4)
    - AFNetworking/NSURLSession (= 2.5.4)
    - AFNetworking/Reachability (= 2.5.4)
    - AFNetworking/Security (= 2.5.4)
    - AFNetworking/Serialization (= 2.5.4)
    - AFNetworking/UIKit (= 2.5.4)
  - AFNetworking/NSURLConnection (2.5.4):
    - AFNetworking/Reachability
    - AFNetworking/Security
    - AFNetworking/Serialization
  - AFNetworking/NSURLSession (2.5.4):
    - AFNetworking/Reachability
    - AFNetworking/Security
    - AFNetworking/Serialization
  - AFNetworking/Reachability (2.5.4)
  - AFNetworking/Security (2.5.4)
  - AFNetworking/Serialization (2.5.4)
  - AFNetworking/UIKit (2.5.4):
    - AFNetworking/NSURLConnection
    - AFNetworking/NSURLSession
  - Analytics/Core-iOS (1.11.8):
    - TRVSDictionaryWithCaseInsensitivity (= 0.0.2)
  - Analytics/Flurry (1.11.8):
    - Analytics/Core-iOS
    - Analytics/Segmentio
    - FlurrySDK (= 4.4.0)
  - Analytics/Segmentio (1.11.8):
    - Analytics/Core-iOS
  - Canvas (0.1.2)
  - CSStickyHeaderFlowLayout (0.2.5)
  - Firebase (2.2.2)
  - FlurrySDK (4.4.0):
    - FlurrySDK/FlurrySDK (= 4.4.0)
  - FlurrySDK/FlurrySDK (4.4.0)
  - MMLayershots (0.2.6)
  - Reveal-iOS-SDK (1.5.1)
  - TOMSMorphingLabel (0.5.1)
  - TRVSDictionaryWithCaseInsensitivity (0.0.2)

DEPENDENCIES:
  - AFNetworking (~> 2.0)
  - Analytics/Flurry (~> 1.11)
  - Canvas (~> 0.1)
  - CSStickyHeaderFlowLayout (~> 0.2)
  - Firebase (>= 2.0.2)
  - MMLayershots
  - Reveal-iOS-SDK
  - TOMSMorphingLabel (~> 0.5)

SPEC CHECKSUMS:
  AFNetworking: 05edc0ac4c4c8cf57bcf4b84be5b0744b6d8e71e
  Analytics: 8c476a147c05c93bb64c5d8c20424c9e2caa0519
  Canvas: eb861e3b555d032648146c8ffda1a5dea40059ca
  CSStickyHeaderFlowLayout: 75e439a59c23f609091d9a784c7b5db7de583f1f
  Firebase: e35cdd2561bf4fea9c1e384e9400a9c173d19e47
  FlurrySDK: 68f1952f3d04a82cfcfbf00ed3435e81317c2946
  MMLayershots: ce67f35806c9c32ba722cd309571a4ff236a244d
  Reveal-iOS-SDK: c9c55cad2729c85f6ced415f1b21857c9a2d8ef9
  TOMSMorphingLabel: 3e88a2bf5257f8993ebc51fb3109187a0bfb2c4d
  TRVSDictionaryWithCaseInsensitivity: 51d2ccf52c6d645d27b63467a98fa02c556e01b0

COCOAPODS: 0.35.0
